
Microsoft Visual Studio Solution File, Format Version 12.00
# Visual Studio Version 16
VisualStudioVersion = 16.0.30104.148
MinimumVisualStudioVersion = 10.0.40219.1
Project("{FAE04EC0-301F-11D3-BF4B-00C04F79EFBC}") = "bmviewer", "bmviewer.csproj", "{2D5A7444-9C8B-4D28-A0F9-6FA3F8FB48F0}"
EndProject
Project("{9A19103F-16F7-4668-BE54-9A1E7A4F7556}") = "osu.Game", "submodules\osuFunOrange\osu.Game\osu.Game.csproj", "{A47B4B9F-1461-47AD-B65E-6E30FFD2F316}"
EndProject
Project("{9A19103F-16F7-4668-BE54-9A1E7A4F7556}") = "osu.Game.Rulesets.Osu", "submodules\osuFunOrange\osu.Game.Rulesets.Osu\osu.Game.Rulesets.Osu.csproj", "{C6F85DDF-80BD-4AC2-9744-283F27036448}"
EndProject
Global
	GlobalSection(SolutionConfigurationPlatforms) = preSolution
		Debug|Any CPU = Debug|Any CPU
		Release|Any CPU = Release|Any CPU
	EndGlobalSection
	GlobalSection(ProjectConfigurationPlatforms) = postSolution
		{2D5A7444-9C8B-4D28-A0F9-6FA3F8FB48F0}.Debug|Any CPU.ActiveCfg = Debug|Any CPU
		{2D5A7444-9C8B-4D28-A0F9-6FA3F8FB48F0}.Debug|Any CPU.Build.0 = Debug|Any CPU
		{2D5A7444-9C8B-4D28-A0F9-6FA3F8FB48F0}.Release|Any CPU.ActiveCfg = Release|Any CPU
		{2D5A7444-9C8B-4D28-A0F9-6FA3F8FB48F0}.Release|Any CPU.Build.0 = Release|Any CPU
		{A47B4B9F-1461-47AD-B65E-6E30FFD2F316}.Debug|Any CPU.ActiveCfg = Debug|Any CPU
		{A47B4B9F-1461-47AD-B65E-6E30FFD2F316}.Debug|Any CPU.Build.0 = Debug|Any CPU
		{A47B4B9F-1461-47AD-B65E-6E30FFD2F316}.Release|Any CPU.ActiveCfg = Release|Any CPU
		{A47B4B9F-1461-47AD-B65E-6E30FFD2F316}.Release|Any CPU.Build.0 = Release|Any CPU
		{C6F85DDF-80BD-4AC2-9744-283F27036448}.Debug|Any CPU.ActiveCfg = Debug|Any CPU
		{C6F85DDF-80BD-4AC2-9744-283F27036448}.Debug|Any CPU.Build.0 = Debug|Any CPU
		{C6F85DDF-80BD-4AC2-9744-283F27036448}.Release|Any CPU.ActiveCfg = Release|Any CPU
		{C6F85DDF-80BD-4AC2-9744-283F27036448}.Release|Any CPU.Build.0 = Release|Any CPU
	EndGlobalSection
	GlobalSection(SolutionProperties) = preSolution
		HideSolutionNode = FALSE
	EndGlobalSection
	GlobalSection(ExtensibilityGlobals) = postSolution
		SolutionGuid = {8B99DF4C-13CE-4F65-9A22-D84CE2DE6E2C}
	EndGlobalSection
EndGlobal
