
Microsoft Visual Studio Solution File, Format Version 12.00
# Visual Studio Version 16
VisualStudioVersion = 16.0.30104.148
MinimumVisualStudioVersion = 10.0.40219.1
Project("{FAE04EC0-301F-11D3-BF4B-00C04F79EFBC}") = "bmviewer", "bmviewer.csproj", "{2D5A7444-9C8B-4D28-A0F9-6FA3F8FB48F0}"
EndProject
Project("{9A19103F-16F7-4668-BE54-9A1E7A4F7556}") = "osu.Game", "submodules\osuPiotrekol\osu.Game\osu.Game.csproj", "{37619387-63FE-49EB-822F-B00C4682A838}"
EndProject
Project("{9A19103F-16F7-4668-BE54-9A1E7A4F7556}") = "osu.Game.Rulesets.Osu", "submodules\osuPiotrekol\osu.Game.Rulesets.Osu\osu.Game.Rulesets.Osu.csproj", "{98683F45-493E-49F8-B2B4-C125604837CB}"
EndProject
Global
	GlobalSection(SolutionConfigurationPlatforms) = preSolution
		Debug|Any CPU = Debug|Any CPU
		Release|Any CPU = Release|Any CPU
	EndGlobalSection
	GlobalSection(ProjectConfigurationPlatforms) = postSolution
		{2D5A7444-9C8B-4D28-A0F9-6FA3F8FB48F0}.Debug|Any CPU.ActiveCfg = Debug|Any CPU
		{2D5A7444-9C8B-4D28-A0F9-6FA3F8FB48F0}.Debug|Any CPU.Build.0 = Debug|Any CPU
		{2D5A7444-9C8B-4D28-A0F9-6FA3F8FB48F0}.Release|Any CPU.ActiveCfg = Release|Any CPU
		{2D5A7444-9C8B-4D28-A0F9-6FA3F8FB48F0}.Release|Any CPU.Build.0 = Release|Any CPU
		{37619387-63FE-49EB-822F-B00C4682A838}.Debug|Any CPU.ActiveCfg = Debug|Any CPU
		{37619387-63FE-49EB-822F-B00C4682A838}.Debug|Any CPU.Build.0 = Debug|Any CPU
		{37619387-63FE-49EB-822F-B00C4682A838}.Release|Any CPU.ActiveCfg = Release|Any CPU
		{37619387-63FE-49EB-822F-B00C4682A838}.Release|Any CPU.Build.0 = Release|Any CPU
		{98683F45-493E-49F8-B2B4-C125604837CB}.Debug|Any CPU.ActiveCfg = Debug|Any CPU
		{98683F45-493E-49F8-B2B4-C125604837CB}.Debug|Any CPU.Build.0 = Debug|Any CPU
		{98683F45-493E-49F8-B2B4-C125604837CB}.Release|Any CPU.ActiveCfg = Release|Any CPU
		{98683F45-493E-49F8-B2B4-C125604837CB}.Release|Any CPU.Build.0 = Release|Any CPU
	EndGlobalSection
	GlobalSection(SolutionProperties) = preSolution
		HideSolutionNode = FALSE
	EndGlobalSection
	GlobalSection(ExtensibilityGlobals) = postSolution
		SolutionGuid = {8B99DF4C-13CE-4F65-9A22-D84CE2DE6E2C}
	EndGlobalSection
EndGlobal
